// !$*UTF8*$!
{
	archiveVersion = 1;
	classes = {
	};
	objectVersion = 56;
	objects = {

/* Begin PBXBuildFile section */
		2F2BAB3928E42D4000E65E1B /* SHA3Tests.swift in Sources */ = {isa = PBXBuildFile; fileRef = 2F2BAB3828E42D4000E65E1B /* SHA3Tests.swift */; };
		2F2BAB3B28E42D4500E65E1B /* OAEPTests.swift in Sources */ = {isa = PBXBuildFile; fileRef = 2F2BAB3A28E42D4500E65E1B /* OAEPTests.swift */; };
		2F2BAB4428E438A200E65E1B /* SecCertificate.swift in Sources */ = {isa = PBXBuildFile; fileRef = 2F2BAB4228E438A200E65E1B /* SecCertificate.swift */; };
		2F2BAB4528E438A200E65E1B /* SecIdentity.swift in Sources */ = {isa = PBXBuildFile; fileRef = 2F2BAB4328E438A200E65E1B /* SecIdentity.swift */; };
		2F2BAB4728E4394900E65E1B /* SecPolicy.swift in Sources */ = {isa = PBXBuildFile; fileRef = 2F2BAB4628E4394900E65E1B /* SecPolicy.swift */; };
		2F2BAB4828E439B300E65E1B /* Hex.swift in Sources */ = {isa = PBXBuildFile; fileRef = 2F2BAB3C28E42E7D00E65E1B /* Hex.swift */; };
		2F2BAB4A28E43AD500E65E1B /* SecTrust.swift in Sources */ = {isa = PBXBuildFile; fileRef = 2F2BAB4928E43AD500E65E1B /* SecTrust.swift */; };
		2F2BAB4C28E43E8A00E65E1B /* P12.swift in Sources */ = {isa = PBXBuildFile; fileRef = 2F2BAB4B28E43E8A00E65E1B /* P12.swift */; };
		2F2BAB5428E48EC500E65E1B /* SecRSAKey.swift in Sources */ = {isa = PBXBuildFile; fileRef = 2F2BAB5328E48EC500E65E1B /* SecRSAKey.swift */; };
		2F2D11D328E41C90006253C5 /* Keccak-224.swift in Sources */ = {isa = PBXBuildFile; fileRef = 2F2D11C928E41C90006253C5 /* Keccak-224.swift */; };
		2F2D11D428E41C90006253C5 /* Keccak-512.swift in Sources */ = {isa = PBXBuildFile; fileRef = 2F2D11CA28E41C90006253C5 /* Keccak-512.swift */; };
		2F2D11D528E41C90006253C5 /* SHA3HashFunction.swift in Sources */ = {isa = PBXBuildFile; fileRef = 2F2D11CB28E41C90006253C5 /* SHA3HashFunction.swift */; };
		2F2D11D628E41C90006253C5 /* Keccak-384.swift in Sources */ = {isa = PBXBuildFile; fileRef = 2F2D11CC28E41C90006253C5 /* Keccak-384.swift */; };
		2F2D11D728E41C90006253C5 /* SHA3-256.swift in Sources */ = {isa = PBXBuildFile; fileRef = 2F2D11CD28E41C90006253C5 /* SHA3-256.swift */; };
		2F2D11D828E41C90006253C5 /* SHA3.swift in Sources */ = {isa = PBXBuildFile; fileRef = 2F2D11CE28E41C90006253C5 /* SHA3.swift */; };
		2F2D11D928E41C90006253C5 /* SHA3-224.swift in Sources */ = {isa = PBXBuildFile; fileRef = 2F2D11CF28E41C90006253C5 /* SHA3-224.swift */; };
		2F2D11DA28E41C90006253C5 /* SHA3-512.swift in Sources */ = {isa = PBXBuildFile; fileRef = 2F2D11D028E41C90006253C5 /* SHA3-512.swift */; };
		2F2D11DB28E41C90006253C5 /* SHA3-384.swift in Sources */ = {isa = PBXBuildFile; fileRef = 2F2D11D128E41C90006253C5 /* SHA3-384.swift */; };
		2F2D11DC28E41C90006253C5 /* Keccak-256.swift in Sources */ = {isa = PBXBuildFile; fileRef = 2F2D11D228E41C90006253C5 /* Keccak-256.swift */; };
		2F2D11DE28E41E6D006253C5 /* OAEP.swift in Sources */ = {isa = PBXBuildFile; fileRef = 2F2D11DD28E41E6D006253C5 /* OAEP.swift */; };
		2FB732F828E544BE00079E13 /* SecRSAKeyTests.swift in Sources */ = {isa = PBXBuildFile; fileRef = 2FB732F728E544BE00079E13 /* SecRSAKeyTests.swift */; };
		2FB7F02928E6E8F000624FFD /* P12Tests.swift in Sources */ = {isa = PBXBuildFile; fileRef = 2FB7F02828E6E8F000624FFD /* P12Tests.swift */; };
		2FEFA41228E966B700388A8B /* EncryptionAlgorithm.swift in Sources */ = {isa = PBXBuildFile; fileRef = 2FEFA41128E966B700388A8B /* EncryptionAlgorithm.swift */; };
		2FEFA41428E9690C00388A8B /* SignatureAlgorithm.swift in Sources */ = {isa = PBXBuildFile; fileRef = 2FEFA41328E9690C00388A8B /* SignatureAlgorithm.swift */; };
		2FEFA41728E96B9A00388A8B /* RSASignatureAlgorithm.swift in Sources */ = {isa = PBXBuildFile; fileRef = 2FEFA41628E96B9A00388A8B /* RSASignatureAlgorithm.swift */; };
		2FEFA41928E96BB500388A8B /* RSASignatureHashAlgorithm.swift in Sources */ = {isa = PBXBuildFile; fileRef = 2FEFA41828E96BB500388A8B /* RSASignatureHashAlgorithm.swift */; };
		2FEFA41B28E96FAB00388A8B /* SecKey.swift in Sources */ = {isa = PBXBuildFile; fileRef = 2FEFA41A28E96FAB00388A8B /* SecKey.swift */; };
		2FEFA41D28E970BE00388A8B /* KeySize.swift in Sources */ = {isa = PBXBuildFile; fileRef = 2FEFA41C28E970BE00388A8B /* KeySize.swift */; };
		2FEFA41F28E97FC400388A8B /* SecOID.swift in Sources */ = {isa = PBXBuildFile; fileRef = 2FEFA41E28E97FC400388A8B /* SecOID.swift */; };
		E86ECC4928E33CE60083C912 /* SecurityKit.framework in Frameworks */ = {isa = PBXBuildFile; fileRef = E86ECC4028E33CE60083C912 /* SecurityKit.framework */; };
		E86ECC4F28E33CE60083C912 /* SecurityKit.h in Headers */ = {isa = PBXBuildFile; fileRef = E86ECC4328E33CE60083C912 /* SecurityKit.h */; settings = {ATTRIBUTES = (Public, ); }; };
		E86ECC5A28E33D5F0083C912 /* SecError.swift in Sources */ = {isa = PBXBuildFile; fileRef = E86ECC5928E33D5F0083C912 /* SecError.swift */; };
		E86ECC6628E352F80083C912 /* Data.swift in Sources */ = {isa = PBXBuildFile; fileRef = E86ECC6528E352F80083C912 /* Data.swift */; };
/* End PBXBuildFile section */

/* Begin PBXContainerItemProxy section */
		E86ECC4A28E33CE60083C912 /* PBXContainerItemProxy */ = {
			isa = PBXContainerItemProxy;
			containerPortal = E86ECC3728E33CE60083C912 /* Project object */;
			proxyType = 1;
			remoteGlobalIDString = E86ECC3F28E33CE60083C912;
			remoteInfo = SecurityKit;
		};
/* End PBXContainerItemProxy section */

/* Begin PBXFileReference section */
		2F2BAB3828E42D4000E65E1B /* SHA3Tests.swift */ = {isa = PBXFileReference; fileEncoding = 4; lastKnownFileType = sourcecode.swift; path = SHA3Tests.swift; sourceTree = "<group>"; };
		2F2BAB3A28E42D4500E65E1B /* OAEPTests.swift */ = {isa = PBXFileReference; fileEncoding = 4; lastKnownFileType = sourcecode.swift; path = OAEPTests.swift; sourceTree = "<group>"; };
		2F2BAB3C28E42E7D00E65E1B /* Hex.swift */ = {isa = PBXFileReference; fileEncoding = 4; lastKnownFileType = sourcecode.swift; path = Hex.swift; sourceTree = "<group>"; };
		2F2BAB4228E438A200E65E1B /* SecCertificate.swift */ = {isa = PBXFileReference; fileEncoding = 4; lastKnownFileType = sourcecode.swift; path = SecCertificate.swift; sourceTree = "<group>"; };
		2F2BAB4328E438A200E65E1B /* SecIdentity.swift */ = {isa = PBXFileReference; fileEncoding = 4; lastKnownFileType = sourcecode.swift; path = SecIdentity.swift; sourceTree = "<group>"; };
		2F2BAB4628E4394900E65E1B /* SecPolicy.swift */ = {isa = PBXFileReference; fileEncoding = 4; lastKnownFileType = sourcecode.swift; path = SecPolicy.swift; sourceTree = "<group>"; };
		2F2BAB4928E43AD500E65E1B /* SecTrust.swift */ = {isa = PBXFileReference; fileEncoding = 4; lastKnownFileType = sourcecode.swift; path = SecTrust.swift; sourceTree = "<group>"; };
		2F2BAB4B28E43E8A00E65E1B /* P12.swift */ = {isa = PBXFileReference; fileEncoding = 4; lastKnownFileType = sourcecode.swift; path = P12.swift; sourceTree = "<group>"; };
		2F2BAB5328E48EC500E65E1B /* SecRSAKey.swift */ = {isa = PBXFileReference; lastKnownFileType = sourcecode.swift; path = SecRSAKey.swift; sourceTree = "<group>"; };
		2F2D11C928E41C90006253C5 /* Keccak-224.swift */ = {isa = PBXFileReference; fileEncoding = 4; lastKnownFileType = sourcecode.swift; path = "Keccak-224.swift"; sourceTree = "<group>"; };
		2F2D11CA28E41C90006253C5 /* Keccak-512.swift */ = {isa = PBXFileReference; fileEncoding = 4; lastKnownFileType = sourcecode.swift; path = "Keccak-512.swift"; sourceTree = "<group>"; };
		2F2D11CB28E41C90006253C5 /* SHA3HashFunction.swift */ = {isa = PBXFileReference; fileEncoding = 4; lastKnownFileType = sourcecode.swift; path = SHA3HashFunction.swift; sourceTree = "<group>"; };
		2F2D11CC28E41C90006253C5 /* Keccak-384.swift */ = {isa = PBXFileReference; fileEncoding = 4; lastKnownFileType = sourcecode.swift; path = "Keccak-384.swift"; sourceTree = "<group>"; };
		2F2D11CD28E41C90006253C5 /* SHA3-256.swift */ = {isa = PBXFileReference; fileEncoding = 4; lastKnownFileType = sourcecode.swift; path = "SHA3-256.swift"; sourceTree = "<group>"; };
		2F2D11CE28E41C90006253C5 /* SHA3.swift */ = {isa = PBXFileReference; fileEncoding = 4; lastKnownFileType = sourcecode.swift; path = SHA3.swift; sourceTree = "<group>"; };
		2F2D11CF28E41C90006253C5 /* SHA3-224.swift */ = {isa = PBXFileReference; fileEncoding = 4; lastKnownFileType = sourcecode.swift; path = "SHA3-224.swift"; sourceTree = "<group>"; };
		2F2D11D028E41C90006253C5 /* SHA3-512.swift */ = {isa = PBXFileReference; fileEncoding = 4; lastKnownFileType = sourcecode.swift; path = "SHA3-512.swift"; sourceTree = "<group>"; };
		2F2D11D128E41C90006253C5 /* SHA3-384.swift */ = {isa = PBXFileReference; fileEncoding = 4; lastKnownFileType = sourcecode.swift; path = "SHA3-384.swift"; sourceTree = "<group>"; };
		2F2D11D228E41C90006253C5 /* Keccak-256.swift */ = {isa = PBXFileReference; fileEncoding = 4; lastKnownFileType = sourcecode.swift; path = "Keccak-256.swift"; sourceTree = "<group>"; };
		2F2D11DD28E41E6D006253C5 /* OAEP.swift */ = {isa = PBXFileReference; fileEncoding = 4; lastKnownFileType = sourcecode.swift; path = OAEP.swift; sourceTree = "<group>"; };
		2FB732F728E544BE00079E13 /* SecRSAKeyTests.swift */ = {isa = PBXFileReference; lastKnownFileType = sourcecode.swift; path = SecRSAKeyTests.swift; sourceTree = "<group>"; };
		2FB7F02828E6E8F000624FFD /* P12Tests.swift */ = {isa = PBXFileReference; lastKnownFileType = sourcecode.swift; path = P12Tests.swift; sourceTree = "<group>"; };
		2FEFA41128E966B700388A8B /* EncryptionAlgorithm.swift */ = {isa = PBXFileReference; lastKnownFileType = sourcecode.swift; path = EncryptionAlgorithm.swift; sourceTree = "<group>"; };
		2FEFA41328E9690C00388A8B /* SignatureAlgorithm.swift */ = {isa = PBXFileReference; lastKnownFileType = sourcecode.swift; path = SignatureAlgorithm.swift; sourceTree = "<group>"; };
		2FEFA41628E96B9A00388A8B /* RSASignatureAlgorithm.swift */ = {isa = PBXFileReference; lastKnownFileType = sourcecode.swift; path = RSASignatureAlgorithm.swift; sourceTree = "<group>"; };
		2FEFA41828E96BB500388A8B /* RSASignatureHashAlgorithm.swift */ = {isa = PBXFileReference; lastKnownFileType = sourcecode.swift; path = RSASignatureHashAlgorithm.swift; sourceTree = "<group>"; };
		2FEFA41A28E96FAB00388A8B /* SecKey.swift */ = {isa = PBXFileReference; lastKnownFileType = sourcecode.swift; path = SecKey.swift; sourceTree = "<group>"; };
		2FEFA41C28E970BE00388A8B /* KeySize.swift */ = {isa = PBXFileReference; lastKnownFileType = sourcecode.swift; path = KeySize.swift; sourceTree = "<group>"; };
		2FEFA41E28E97FC400388A8B /* SecOID.swift */ = {isa = PBXFileReference; fileEncoding = 4; lastKnownFileType = sourcecode.swift; path = SecOID.swift; sourceTree = "<group>"; };
		E86ECC4028E33CE60083C912 /* SecurityKit.framework */ = {isa = PBXFileReference; explicitFileType = wrapper.framework; includeInIndex = 0; path = SecurityKit.framework; sourceTree = BUILT_PRODUCTS_DIR; };
		E86ECC4328E33CE60083C912 /* SecurityKit.h */ = {isa = PBXFileReference; lastKnownFileType = sourcecode.c.h; path = SecurityKit.h; sourceTree = "<group>"; };
		E86ECC4828E33CE60083C912 /* SecurityKitTests.xctest */ = {isa = PBXFileReference; explicitFileType = wrapper.cfbundle; includeInIndex = 0; path = SecurityKitTests.xctest; sourceTree = BUILT_PRODUCTS_DIR; };
		E86ECC5928E33D5F0083C912 /* SecError.swift */ = {isa = PBXFileReference; lastKnownFileType = sourcecode.swift; path = SecError.swift; sourceTree = "<group>"; };
		E86ECC6528E352F80083C912 /* Data.swift */ = {isa = PBXFileReference; lastKnownFileType = sourcecode.swift; path = Data.swift; sourceTree = "<group>"; };
/* End PBXFileReference section */

/* Begin PBXFrameworksBuildPhase section */
		E86ECC3D28E33CE60083C912 /* Frameworks */ = {
			isa = PBXFrameworksBuildPhase;
			buildActionMask = 2147483647;
			files = (
			);
			runOnlyForDeploymentPostprocessing = 0;
		};
		E86ECC4528E33CE60083C912 /* Frameworks */ = {
			isa = PBXFrameworksBuildPhase;
			buildActionMask = 2147483647;
			files = (
				E86ECC4928E33CE60083C912 /* SecurityKit.framework in Frameworks */,
			);
			runOnlyForDeploymentPostprocessing = 0;
		};
/* End PBXFrameworksBuildPhase section */

/* Begin PBXGroup section */
		2F2BAB3E28E42F1A00E65E1B /* Utility */ = {
			isa = PBXGroup;
			children = (
				2F2BAB3C28E42E7D00E65E1B /* Hex.swift */,
			);
			path = Utility;
			sourceTree = "<group>";
		};
		2F2BAB3F28E4383200E65E1B /* Key */ = {
			isa = PBXGroup;
			children = (
				2FEFA41528E96B7A00388A8B /* RSA */,
				2FEFA41A28E96FAB00388A8B /* SecKey.swift */,
			);
			path = Key;
			sourceTree = "<group>";
		};
		2F2BAB4028E4384B00E65E1B /* Certificate */ = {
			isa = PBXGroup;
			children = (
				2FEFA41E28E97FC400388A8B /* SecOID.swift */,
				2F2BAB4228E438A200E65E1B /* SecCertificate.swift */,
				2F2BAB4628E4394900E65E1B /* SecPolicy.swift */,
				2F2BAB4928E43AD500E65E1B /* SecTrust.swift */,
			);
			path = Certificate;
			sourceTree = "<group>";
		};
		2F2BAB4128E4388300E65E1B /* Identity */ = {
			isa = PBXGroup;
			children = (
				2F2BAB4328E438A200E65E1B /* SecIdentity.swift */,
			);
			path = Identity;
			sourceTree = "<group>";
		};
		2F2D11C828E41C90006253C5 /* SHA3 */ = {
			isa = PBXGroup;
			children = (
				2F2D11C928E41C90006253C5 /* Keccak-224.swift */,
				2F2D11D228E41C90006253C5 /* Keccak-256.swift */,
				2F2D11CC28E41C90006253C5 /* Keccak-384.swift */,
				2F2D11CA28E41C90006253C5 /* Keccak-512.swift */,
				2F2D11CF28E41C90006253C5 /* SHA3-224.swift */,
				2F2D11CD28E41C90006253C5 /* SHA3-256.swift */,
				2F2D11D128E41C90006253C5 /* SHA3-384.swift */,
				2F2D11D028E41C90006253C5 /* SHA3-512.swift */,
				2F2D11CE28E41C90006253C5 /* SHA3.swift */,
				2F2D11CB28E41C90006253C5 /* SHA3HashFunction.swift */,
			);
			path = SHA3;
			sourceTree = "<group>";
		};
		2FEFA41528E96B7A00388A8B /* RSA */ = {
			isa = PBXGroup;
			children = (
				2F2BAB5328E48EC500E65E1B /* SecRSAKey.swift */,
				2FEFA41128E966B700388A8B /* EncryptionAlgorithm.swift */,
				2FEFA41328E9690C00388A8B /* SignatureAlgorithm.swift */,
				2FEFA41628E96B9A00388A8B /* RSASignatureAlgorithm.swift */,
				2FEFA41828E96BB500388A8B /* RSASignatureHashAlgorithm.swift */,
				2FEFA41C28E970BE00388A8B /* KeySize.swift */,
			);
			path = RSA;
			sourceTree = "<group>";
		};
		E86ECC3628E33CE60083C912 = {
			isa = PBXGroup;
			children = (
				E86ECC4228E33CE60083C912 /* SecurityKit */,
				E86ECC4C28E33CE60083C912 /* SecurityKitTests */,
				E86ECC4128E33CE60083C912 /* Products */,
			);
			sourceTree = "<group>";
		};
		E86ECC4128E33CE60083C912 /* Products */ = {
			isa = PBXGroup;
			children = (
				E86ECC4028E33CE60083C912 /* SecurityKit.framework */,
				E86ECC4828E33CE60083C912 /* SecurityKitTests.xctest */,
			);
			name = Products;
			sourceTree = "<group>";
		};
		E86ECC4228E33CE60083C912 /* SecurityKit */ = {
			isa = PBXGroup;
			children = (
				E86ECC6528E352F80083C912 /* Data.swift */,
				2F2D11DD28E41E6D006253C5 /* OAEP.swift */,
				2F2BAB4B28E43E8A00E65E1B /* P12.swift */,
				E86ECC5928E33D5F0083C912 /* SecError.swift */,
				2F2BAB4028E4384B00E65E1B /* Certificate */,
				2F2BAB4128E4388300E65E1B /* Identity */,
				2F2BAB3F28E4383200E65E1B /* Key */,
				2F2D11C828E41C90006253C5 /* SHA3 */,
				E86ECC5828E33D2D0083C912 /* Support */,
				2F2BAB3E28E42F1A00E65E1B /* Utility */,
			);
			path = SecurityKit;
			sourceTree = "<group>";
		};
		E86ECC4C28E33CE60083C912 /* SecurityKitTests */ = {
			isa = PBXGroup;
			children = (
				2F2BAB3A28E42D4500E65E1B /* OAEPTests.swift */,
				2FB732F728E544BE00079E13 /* SecRSAKeyTests.swift */,
				2F2BAB3828E42D4000E65E1B /* SHA3Tests.swift */,
				2FB7F02828E6E8F000624FFD /* P12Tests.swift */,
			);
			path = SecurityKitTests;
			sourceTree = "<group>";
		};
		E86ECC5828E33D2D0083C912 /* Support */ = {
			isa = PBXGroup;
			children = (
				E86ECC4328E33CE60083C912 /* SecurityKit.h */,
			);
			name = Support;
			sourceTree = "<group>";
		};
/* End PBXGroup section */

/* Begin PBXHeadersBuildPhase section */
		E86ECC3B28E33CE60083C912 /* Headers */ = {
			isa = PBXHeadersBuildPhase;
			buildActionMask = 2147483647;
			files = (
				E86ECC4F28E33CE60083C912 /* SecurityKit.h in Headers */,
			);
			runOnlyForDeploymentPostprocessing = 0;
		};
/* End PBXHeadersBuildPhase section */

/* Begin PBXNativeTarget section */
		E86ECC3F28E33CE60083C912 /* SecurityKit */ = {
			isa = PBXNativeTarget;
			buildConfigurationList = E86ECC5228E33CE60083C912 /* Build configuration list for PBXNativeTarget "SecurityKit" */;
			buildPhases = (
				E86ECC3B28E33CE60083C912 /* Headers */,
				E86ECC3C28E33CE60083C912 /* Sources */,
				E86ECC3D28E33CE60083C912 /* Frameworks */,
				E86ECC3E28E33CE60083C912 /* Resources */,
			);
			buildRules = (
			);
			dependencies = (
			);
			name = SecurityKit;
			productName = SecurityKit;
			productReference = E86ECC4028E33CE60083C912 /* SecurityKit.framework */;
			productType = "com.apple.product-type.framework";
		};
		E86ECC4728E33CE60083C912 /* SecurityKitTests */ = {
			isa = PBXNativeTarget;
			buildConfigurationList = E86ECC5528E33CE60083C912 /* Build configuration list for PBXNativeTarget "SecurityKitTests" */;
			buildPhases = (
				E86ECC4428E33CE60083C912 /* Sources */,
				E86ECC4528E33CE60083C912 /* Frameworks */,
				E86ECC4628E33CE60083C912 /* Resources */,
			);
			buildRules = (
			);
			dependencies = (
				E86ECC4B28E33CE60083C912 /* PBXTargetDependency */,
			);
			name = SecurityKitTests;
			productName = SecurityKitTests;
			productReference = E86ECC4828E33CE60083C912 /* SecurityKitTests.xctest */;
			productType = "com.apple.product-type.bundle.unit-test";
		};
/* End PBXNativeTarget section */

/* Begin PBXProject section */
		E86ECC3728E33CE60083C912 /* Project object */ = {
			isa = PBXProject;
			attributes = {
				BuildIndependentTargetsInParallel = 1;
				LastSwiftUpdateCheck = 1400;
				LastUpgradeCheck = 1400;
				TargetAttributes = {
					E86ECC3F28E33CE60083C912 = {
						CreatedOnToolsVersion = 14.0;
						LastSwiftMigration = 1400;
					};
					E86ECC4728E33CE60083C912 = {
						CreatedOnToolsVersion = 14.0;
					};
				};
			};
			buildConfigurationList = E86ECC3A28E33CE60083C912 /* Build configuration list for PBXProject "SecurityKit" */;
			compatibilityVersion = "Xcode 14.0";
			developmentRegion = en;
			hasScannedForEncodings = 0;
			knownRegions = (
				en,
				Base,
			);
			mainGroup = E86ECC3628E33CE60083C912;
			productRefGroup = E86ECC4128E33CE60083C912 /* Products */;
			projectDirPath = "";
			projectRoot = "";
			targets = (
				E86ECC3F28E33CE60083C912 /* SecurityKit */,
				E86ECC4728E33CE60083C912 /* SecurityKitTests */,
			);
		};
/* End PBXProject section */

/* Begin PBXResourcesBuildPhase section */
		E86ECC3E28E33CE60083C912 /* Resources */ = {
			isa = PBXResourcesBuildPhase;
			buildActionMask = 2147483647;
			files = (
			);
			runOnlyForDeploymentPostprocessing = 0;
		};
		E86ECC4628E33CE60083C912 /* Resources */ = {
			isa = PBXResourcesBuildPhase;
			buildActionMask = 2147483647;
			files = (
			);
			runOnlyForDeploymentPostprocessing = 0;
		};
/* End PBXResourcesBuildPhase section */

/* Begin PBXSourcesBuildPhase section */
		E86ECC3C28E33CE60083C912 /* Sources */ = {
			isa = PBXSourcesBuildPhase;
			buildActionMask = 2147483647;
			files = (
				2FEFA41D28E970BE00388A8B /* KeySize.swift in Sources */,
				2FEFA41B28E96FAB00388A8B /* SecKey.swift in Sources */,
				2FEFA41728E96B9A00388A8B /* RSASignatureAlgorithm.swift in Sources */,
				2F2D11DB28E41C90006253C5 /* SHA3-384.swift in Sources */,
				2F2BAB4828E439B300E65E1B /* Hex.swift in Sources */,
				2F2D11D828E41C90006253C5 /* SHA3.swift in Sources */,
				2F2D11D728E41C90006253C5 /* SHA3-256.swift in Sources */,
				2F2BAB5428E48EC500E65E1B /* SecRSAKey.swift in Sources */,
				E86ECC6628E352F80083C912 /* Data.swift in Sources */,
				2F2BAB4528E438A200E65E1B /* SecIdentity.swift in Sources */,
				2FEFA41928E96BB500388A8B /* RSASignatureHashAlgorithm.swift in Sources */,
				2F2BAB4C28E43E8A00E65E1B /* P12.swift in Sources */,
				2F2D11DA28E41C90006253C5 /* SHA3-512.swift in Sources */,
				2F2D11D528E41C90006253C5 /* SHA3HashFunction.swift in Sources */,
				2FEFA41228E966B700388A8B /* EncryptionAlgorithm.swift in Sources */,
				2F2BAB4428E438A200E65E1B /* SecCertificate.swift in Sources */,
				2F2D11D928E41C90006253C5 /* SHA3-224.swift in Sources */,
				2F2BAB4728E4394900E65E1B /* SecPolicy.swift in Sources */,
				2F2D11D428E41C90006253C5 /* Keccak-512.swift in Sources */,
				2F2BAB4A28E43AD500E65E1B /* SecTrust.swift in Sources */,
				2FEFA41428E9690C00388A8B /* SignatureAlgorithm.swift in Sources */,
				2F2D11DE28E41E6D006253C5 /* OAEP.swift in Sources */,
				2FEFA41F28E97FC400388A8B /* SecOID.swift in Sources */,
				E86ECC5A28E33D5F0083C912 /* SecError.swift in Sources */,
				2F2D11D328E41C90006253C5 /* Keccak-224.swift in Sources */,
				2F2D11DC28E41C90006253C5 /* Keccak-256.swift in Sources */,
				2F2D11D628E41C90006253C5 /* Keccak-384.swift in Sources */,
			);
			runOnlyForDeploymentPostprocessing = 0;
		};
		E86ECC4428E33CE60083C912 /* Sources */ = {
			isa = PBXSourcesBuildPhase;
			buildActionMask = 2147483647;
			files = (
				2FB732F828E544BE00079E13 /* SecRSAKeyTests.swift in Sources */,
				2F2BAB3B28E42D4500E65E1B /* OAEPTests.swift in Sources */,
				2F2BAB3928E42D4000E65E1B /* SHA3Tests.swift in Sources */,
				2FB7F02928E6E8F000624FFD /* P12Tests.swift in Sources */,
			);
			runOnlyForDeploymentPostprocessing = 0;
		};
/* End PBXSourcesBuildPhase section */

/* Begin PBXTargetDependency section */
		E86ECC4B28E33CE60083C912 /* PBXTargetDependency */ = {
			isa = PBXTargetDependency;
			target = E86ECC3F28E33CE60083C912 /* SecurityKit */;
			targetProxy = E86ECC4A28E33CE60083C912 /* PBXContainerItemProxy */;
		};
/* End PBXTargetDependency section */

/* Begin XCBuildConfiguration section */
		E86ECC5028E33CE60083C912 /* Debug */ = {
			isa = XCBuildConfiguration;
			buildSettings = {
				ALWAYS_SEARCH_USER_PATHS = NO;
				CLANG_ANALYZER_NONNULL = YES;
				CLANG_ANALYZER_NUMBER_OBJECT_CONVERSION = YES_AGGRESSIVE;
				CLANG_CXX_LANGUAGE_STANDARD = "gnu++20";
				CLANG_ENABLE_MODULES = YES;
				CLANG_ENABLE_OBJC_ARC = YES;
				CLANG_ENABLE_OBJC_WEAK = YES;
				CLANG_WARN_BLOCK_CAPTURE_AUTORELEASING = YES;
				CLANG_WARN_BOOL_CONVERSION = YES;
				CLANG_WARN_COMMA = YES;
				CLANG_WARN_CONSTANT_CONVERSION = YES;
				CLANG_WARN_DEPRECATED_OBJC_IMPLEMENTATIONS = YES;
				CLANG_WARN_DIRECT_OBJC_ISA_USAGE = YES_ERROR;
				CLANG_WARN_DOCUMENTATION_COMMENTS = YES;
				CLANG_WARN_EMPTY_BODY = YES;
				CLANG_WARN_ENUM_CONVERSION = YES;
				CLANG_WARN_INFINITE_RECURSION = YES;
				CLANG_WARN_INT_CONVERSION = YES;
				CLANG_WARN_NON_LITERAL_NULL_CONVERSION = YES;
				CLANG_WARN_OBJC_IMPLICIT_RETAIN_SELF = YES;
				CLANG_WARN_OBJC_LITERAL_CONVERSION = YES;
				CLANG_WARN_OBJC_ROOT_CLASS = YES_ERROR;
				CLANG_WARN_QUOTED_INCLUDE_IN_FRAMEWORK_HEADER = YES;
				CLANG_WARN_RANGE_LOOP_ANALYSIS = YES;
				CLANG_WARN_STRICT_PROTOTYPES = YES;
				CLANG_WARN_SUSPICIOUS_MOVE = YES;
				CLANG_WARN_UNGUARDED_AVAILABILITY = YES_AGGRESSIVE;
				CLANG_WARN_UNREACHABLE_CODE = YES;
				CLANG_WARN__DUPLICATE_METHOD_MATCH = YES;
				COPY_PHASE_STRIP = NO;
				CURRENT_PROJECT_VERSION = 1;
				DEBUG_INFORMATION_FORMAT = dwarf;
				ENABLE_STRICT_OBJC_MSGSEND = YES;
				ENABLE_TESTABILITY = YES;
				GCC_C_LANGUAGE_STANDARD = gnu11;
				GCC_DYNAMIC_NO_PIC = NO;
				GCC_NO_COMMON_BLOCKS = YES;
				GCC_OPTIMIZATION_LEVEL = 0;
				GCC_PREPROCESSOR_DEFINITIONS = (
					"DEBUG=1",
					"$(inherited)",
				);
				GCC_WARN_64_TO_32_BIT_CONVERSION = YES;
				GCC_WARN_ABOUT_RETURN_TYPE = YES_ERROR;
				GCC_WARN_UNDECLARED_SELECTOR = YES;
				GCC_WARN_UNINITIALIZED_AUTOS = YES_AGGRESSIVE;
				GCC_WARN_UNUSED_FUNCTION = YES;
				GCC_WARN_UNUSED_VARIABLE = YES;
				MTL_ENABLE_DEBUG_INFO = INCLUDE_SOURCE;
				MTL_FAST_MATH = YES;
				ONLY_ACTIVE_ARCH = YES;
				SWIFT_ACTIVE_COMPILATION_CONDITIONS = DEBUG;
				SWIFT_OPTIMIZATION_LEVEL = "-Onone";
				VERSIONING_SYSTEM = "apple-generic";
				VERSION_INFO_PREFIX = "";
			};
			name = Debug;
		};
		E86ECC5128E33CE60083C912 /* Release */ = {
			isa = XCBuildConfiguration;
			buildSettings = {
				ALWAYS_SEARCH_USER_PATHS = NO;
				CLANG_ANALYZER_NONNULL = YES;
				CLANG_ANALYZER_NUMBER_OBJECT_CONVERSION = YES_AGGRESSIVE;
				CLANG_CXX_LANGUAGE_STANDARD = "gnu++20";
				CLANG_ENABLE_MODULES = YES;
				CLANG_ENABLE_OBJC_ARC = YES;
				CLANG_ENABLE_OBJC_WEAK = YES;
				CLANG_WARN_BLOCK_CAPTURE_AUTORELEASING = YES;
				CLANG_WARN_BOOL_CONVERSION = YES;
				CLANG_WARN_COMMA = YES;
				CLANG_WARN_CONSTANT_CONVERSION = YES;
				CLANG_WARN_DEPRECATED_OBJC_IMPLEMENTATIONS = YES;
				CLANG_WARN_DIRECT_OBJC_ISA_USAGE = YES_ERROR;
				CLANG_WARN_DOCUMENTATION_COMMENTS = YES;
				CLANG_WARN_EMPTY_BODY = YES;
				CLANG_WARN_ENUM_CONVERSION = YES;
				CLANG_WARN_INFINITE_RECURSION = YES;
				CLANG_WARN_INT_CONVERSION = YES;
				CLANG_WARN_NON_LITERAL_NULL_CONVERSION = YES;
				CLANG_WARN_OBJC_IMPLICIT_RETAIN_SELF = YES;
				CLANG_WARN_OBJC_LITERAL_CONVERSION = YES;
				CLANG_WARN_OBJC_ROOT_CLASS = YES_ERROR;
				CLANG_WARN_QUOTED_INCLUDE_IN_FRAMEWORK_HEADER = YES;
				CLANG_WARN_RANGE_LOOP_ANALYSIS = YES;
				CLANG_WARN_STRICT_PROTOTYPES = YES;
				CLANG_WARN_SUSPICIOUS_MOVE = YES;
				CLANG_WARN_UNGUARDED_AVAILABILITY = YES_AGGRESSIVE;
				CLANG_WARN_UNREACHABLE_CODE = YES;
				CLANG_WARN__DUPLICATE_METHOD_MATCH = YES;
				COPY_PHASE_STRIP = NO;
				CURRENT_PROJECT_VERSION = 1;
				DEBUG_INFORMATION_FORMAT = "dwarf-with-dsym";
				ENABLE_NS_ASSERTIONS = NO;
				ENABLE_STRICT_OBJC_MSGSEND = YES;
				GCC_C_LANGUAGE_STANDARD = gnu11;
				GCC_NO_COMMON_BLOCKS = YES;
				GCC_WARN_64_TO_32_BIT_CONVERSION = YES;
				GCC_WARN_ABOUT_RETURN_TYPE = YES_ERROR;
				GCC_WARN_UNDECLARED_SELECTOR = YES;
				GCC_WARN_UNINITIALIZED_AUTOS = YES_AGGRESSIVE;
				GCC_WARN_UNUSED_FUNCTION = YES;
				GCC_WARN_UNUSED_VARIABLE = YES;
				MTL_ENABLE_DEBUG_INFO = NO;
				MTL_FAST_MATH = YES;
				SWIFT_COMPILATION_MODE = wholemodule;
				SWIFT_OPTIMIZATION_LEVEL = "-O";
				VERSIONING_SYSTEM = "apple-generic";
				VERSION_INFO_PREFIX = "";
			};
			name = Release;
		};
		E86ECC5328E33CE60083C912 /* Debug */ = {
			isa = XCBuildConfiguration;
			buildSettings = {
				CLANG_ENABLE_MODULES = YES;
				CODE_SIGN_STYLE = Automatic;
				CURRENT_PROJECT_VERSION = 1;
				DEFINES_MODULE = YES;
				DYLIB_COMPATIBILITY_VERSION = 1;
				DYLIB_CURRENT_VERSION = 1;
				DYLIB_INSTALL_NAME_BASE = "@rpath";
				GENERATE_INFOPLIST_FILE = YES;
				INFOPLIST_KEY_NSHumanReadableCopyright = "";
				INSTALL_PATH = "$(LOCAL_LIBRARY_DIR)/Frameworks";
				IPHONEOS_DEPLOYMENT_TARGET = 13.0;
				LD_RUNPATH_SEARCH_PATHS = (
					"@executable_path/Frameworks",
					"@loader_path/Frameworks",
				);
				"LD_RUNPATH_SEARCH_PATHS[sdk=macosx*]" = (
					"@executable_path/../Frameworks",
					"@loader_path/Frameworks",
				);
				MACOSX_DEPLOYMENT_TARGET = 10.15;
				MARKETING_VERSION = 1.0;
				PRODUCT_BUNDLE_IDENTIFIER = VaslD.Library.SecurityKit;
				PRODUCT_NAME = "$(TARGET_NAME:c99extidentifier)";
				SDKROOT = auto;
				SKIP_INSTALL = YES;
				SUPPORTED_PLATFORMS = "appletvos appletvsimulator iphoneos iphonesimulator macosx watchos watchsimulator";
				SUPPORTS_MACCATALYST = NO;
				SUPPORTS_MAC_DESIGNED_FOR_IPHONE_IPAD = NO;
				SWIFT_EMIT_LOC_STRINGS = YES;
				SWIFT_OPTIMIZATION_LEVEL = "-Onone";
				SWIFT_VERSION = 5.0;
				TARGETED_DEVICE_FAMILY = "1,2,3,4";
				TVOS_DEPLOYMENT_TARGET = 13.0;
				WATCHOS_DEPLOYMENT_TARGET = 6.0;
			};
			name = Debug;
		};
		E86ECC5428E33CE60083C912 /* Release */ = {
			isa = XCBuildConfiguration;
			buildSettings = {
				CLANG_ENABLE_MODULES = YES;
				CODE_SIGN_STYLE = Automatic;
				CURRENT_PROJECT_VERSION = 1;
				DEFINES_MODULE = YES;
				DYLIB_COMPATIBILITY_VERSION = 1;
				DYLIB_CURRENT_VERSION = 1;
				DYLIB_INSTALL_NAME_BASE = "@rpath";
				GENERATE_INFOPLIST_FILE = YES;
				INFOPLIST_KEY_NSHumanReadableCopyright = "";
				INSTALL_PATH = "$(LOCAL_LIBRARY_DIR)/Frameworks";
				IPHONEOS_DEPLOYMENT_TARGET = 13.0;
				LD_RUNPATH_SEARCH_PATHS = (
					"@executable_path/Frameworks",
					"@loader_path/Frameworks",
				);
				"LD_RUNPATH_SEARCH_PATHS[sdk=macosx*]" = (
					"@executable_path/../Frameworks",
					"@loader_path/Frameworks",
				);
				MACOSX_DEPLOYMENT_TARGET = 10.15;
				MARKETING_VERSION = 1.0;
				PRODUCT_BUNDLE_IDENTIFIER = VaslD.Library.SecurityKit;
				PRODUCT_NAME = "$(TARGET_NAME:c99extidentifier)";
				SDKROOT = auto;
				SKIP_INSTALL = YES;
				SUPPORTED_PLATFORMS = "appletvos appletvsimulator iphoneos iphonesimulator macosx watchos watchsimulator";
				SUPPORTS_MACCATALYST = NO;
				SUPPORTS_MAC_DESIGNED_FOR_IPHONE_IPAD = NO;
				SWIFT_EMIT_LOC_STRINGS = YES;
				SWIFT_VERSION = 5.0;
				TARGETED_DEVICE_FAMILY = "1,2,3,4";
				TVOS_DEPLOYMENT_TARGET = 13.0;
				WATCHOS_DEPLOYMENT_TARGET = 6.0;
			};
			name = Release;
		};
		E86ECC5628E33CE60083C912 /* Debug */ = {
			isa = XCBuildConfiguration;
			buildSettings = {
				ALWAYS_EMBED_SWIFT_STANDARD_LIBRARIES = YES;
				CODE_SIGN_STYLE = Automatic;
				CURRENT_PROJECT_VERSION = 1;
				GENERATE_INFOPLIST_FILE = YES;
				IPHONEOS_DEPLOYMENT_TARGET = 13.0;
				MACOSX_DEPLOYMENT_TARGET = 10.15;
				MARKETING_VERSION = 1.0;
				PRODUCT_BUNDLE_IDENTIFIER = VaslD.Library.SecurityKitTests;
				PRODUCT_NAME = "$(TARGET_NAME)";
				SDKROOT = auto;
				SUPPORTED_PLATFORMS = "appletvos appletvsimulator iphoneos iphonesimulator macosx watchos watchsimulator";
				SUPPORTS_MACCATALYST = NO;
				SUPPORTS_MAC_DESIGNED_FOR_IPHONE_IPAD = NO;
				SWIFT_EMIT_LOC_STRINGS = NO;
				SWIFT_VERSION = 5.0;
				TARGETED_DEVICE_FAMILY = "1,2,3,4";
				TVOS_DEPLOYMENT_TARGET = 13.0;
				WATCHOS_DEPLOYMENT_TARGET = 6.0;
			};
			name = Debug;
		};
		E86ECC5728E33CE60083C912 /* Release */ = {
			isa = XCBuildConfiguration;
			buildSettings = {
				ALWAYS_EMBED_SWIFT_STANDARD_LIBRARIES = YES;
				CODE_SIGN_STYLE = Automatic;
				CURRENT_PROJECT_VERSION = 1;
				GENERATE_INFOPLIST_FILE = YES;
				IPHONEOS_DEPLOYMENT_TARGET = 13.0;
				MACOSX_DEPLOYMENT_TARGET = 10.15;
				MARKETING_VERSION = 1.0;
				PRODUCT_BUNDLE_IDENTIFIER = VaslD.Library.SecurityKitTests;
				PRODUCT_NAME = "$(TARGET_NAME)";
				SDKROOT = auto;
				SUPPORTED_PLATFORMS = "appletvos appletvsimulator iphoneos iphonesimulator macosx watchos watchsimulator";
				SUPPORTS_MACCATALYST = NO;
				SUPPORTS_MAC_DESIGNED_FOR_IPHONE_IPAD = NO;
				SWIFT_EMIT_LOC_STRINGS = NO;
				SWIFT_VERSION = 5.0;
				TARGETED_DEVICE_FAMILY = "1,2,3,4";
				TVOS_DEPLOYMENT_TARGET = 13.0;
				WATCHOS_DEPLOYMENT_TARGET = 6.0;
			};
			name = Release;
		};
/* End XCBuildConfiguration section */

/* Begin XCConfigurationList section */
		E86ECC3A28E33CE60083C912 /* Build configuration list for PBXProject "SecurityKit" */ = {
			isa = XCConfigurationList;
			buildConfigurations = (
				E86ECC5028E33CE60083C912 /* Debug */,
				E86ECC5128E33CE60083C912 /* Release */,
			);
			defaultConfigurationIsVisible = 0;
			defaultConfigurationName = Release;
		};
		E86ECC5228E33CE60083C912 /* Build configuration list for PBXNativeTarget "SecurityKit" */ = {
			isa = XCConfigurationList;
			buildConfigurations = (
				E86ECC5328E33CE60083C912 /* Debug */,
				E86ECC5428E33CE60083C912 /* Release */,
			);
			defaultConfigurationIsVisible = 0;
			defaultConfigurationName = Release;
		};
		E86ECC5528E33CE60083C912 /* Build configuration list for PBXNativeTarget "SecurityKitTests" */ = {
			isa = XCConfigurationList;
			buildConfigurations = (
				E86ECC5628E33CE60083C912 /* Debug */,
				E86ECC5728E33CE60083C912 /* Release */,
			);
			defaultConfigurationIsVisible = 0;
			defaultConfigurationName = Release;
		};
/* End XCConfigurationList section */
	};
	rootObject = E86ECC3728E33CE60083C912 /* Project object */;
}
